
Microsoft Visual Studio Solution File, Format Version 12.00
# Visual Studio Version 17
VisualStudioVersion = 17.3.32819.101
MinimumVisualStudioVersion = 10.0.40219.1
Project("{FAE04EC0-301F-11D3-BF4B-00C04F79EFBC}") = "Project1", "Project1\Project1.csproj", "{16DF66E6-7283-47D1-A910-D7478123D184}"
EndProject
Project("{2150E333-8FDC-42A3-9474-1A3956D46DE8}") = "ソリューション項目", "ソリューション項目", "{BE0E042C-D007-4880-9990-C5AC453E04EA}"
	ProjectSection(SolutionItems) = preProject
		Project1\CodeFile1.cs = Project1\CodeFile1.cs
	EndProjectSection
EndProject
Global
	GlobalSection(SolutionConfigurationPlatforms) = preSolution
		Debug|Any CPU = Debug|Any CPU
		Release|Any CPU = Release|Any CPU
	EndGlobalSection
	GlobalSection(ProjectConfigurationPlatforms) = postSolution
		{16DF66E6-7283-47D1-A910-D7478123D184}.Debug|Any CPU.ActiveCfg = Debug|Any CPU
		{16DF66E6-7283-47D1-A910-D7478123D184}.Debug|Any CPU.Build.0 = Debug|Any CPU
		{16DF66E6-7283-47D1-A910-D7478123D184}.Release|Any CPU.ActiveCfg = Release|Any CPU
		{16DF66E6-7283-47D1-A910-D7478123D184}.Release|Any CPU.Build.0 = Release|Any CPU
	EndGlobalSection
	GlobalSection(SolutionProperties) = preSolution
		HideSolutionNode = FALSE
	EndGlobalSection
	GlobalSection(ExtensibilityGlobals) = postSolution
		SolutionGuid = {1095F516-E8DC-4A0D-A053-4C78D9ADC254}
	EndGlobalSection
EndGlobal
